
Microsoft Visual Studio Solution File, Format Version 12.00
# Visual Studio Version 16
VisualStudioVersion = 16.0.30406.217
MinimumVisualStudioVersion = 10.0.40219.1
Project("{FAE04EC0-301F-11D3-BF4B-00C04F79EFBC}") = "TabuSearch2DBP", "TabuSearch2DBP\TabuSearch2DBP.csproj", "{9C7567E6-AAA0-4866-962C-41EF35ED9F9C}"
EndProject
Global
	GlobalSection(SolutionConfigurationPlatforms) = preSolution
		Debug|Any CPU = Debug|Any CPU
		Release|Any CPU = Release|Any CPU
	EndGlobalSection
	GlobalSection(ProjectConfigurationPlatforms) = postSolution
		{9C7567E6-AAA0-4866-962C-41EF35ED9F9C}.Debug|Any CPU.ActiveCfg = Debug|Any CPU
		{9C7567E6-AAA0-4866-962C-41EF35ED9F9C}.Debug|Any CPU.Build.0 = Debug|Any CPU
		{9C7567E6-AAA0-4866-962C-41EF35ED9F9C}.Release|Any CPU.ActiveCfg = Release|Any CPU
		{9C7567E6-AAA0-4866-962C-41EF35ED9F9C}.Release|Any CPU.Build.0 = Release|Any CPU
	EndGlobalSection
	GlobalSection(SolutionProperties) = preSolution
		HideSolutionNode = FALSE
	EndGlobalSection
	GlobalSection(ExtensibilityGlobals) = postSolution
		SolutionGuid = {0349D7DB-0720-4FD2-AE68-3D72858E6BD2}
	EndGlobalSection
EndGlobal
